// !$*UTF8*$!
{
	archiveVersion = 1;
	classes = {
	};
	objectVersion = 50;
	objects = {

/* Begin PBXBuildFile section */
		B484BBB828070D48007627EE /* AppDelegate.swift in Sources */ = {isa = PBXBuildFile; fileRef = B484BBB728070D48007627EE /* AppDelegate.swift */; };
		B484BBBA28070D48007627EE /* SceneDelegate.swift in Sources */ = {isa = PBXBuildFile; fileRef = B484BBB928070D48007627EE /* SceneDelegate.swift */; };
		B484BBBC28070D48007627EE /* ViewController.swift in Sources */ = {isa = PBXBuildFile; fileRef = B484BBBB28070D48007627EE /* ViewController.swift */; };
		B484BBBF28070D48007627EE /* Main.storyboard in Resources */ = {isa = PBXBuildFile; fileRef = B484BBBD28070D48007627EE /* Main.storyboard */; };
		B484BBC128070D4A007627EE /* Assets.xcassets in Resources */ = {isa = PBXBuildFile; fileRef = B484BBC028070D4A007627EE /* Assets.xcassets */; };
		B484BBC428070D4A007627EE /* LaunchScreen.storyboard in Resources */ = {isa = PBXBuildFile; fileRef = B484BBC228070D4A007627EE /* LaunchScreen.storyboard */; };
		B484BBCD28070E65007627EE /* Model.xcdatamodeld in Sources */ = {isa = PBXBuildFile; fileRef = B484BBCB28070E65007627EE /* Model.xcdatamodeld */; };
		B484BBCF2807110C007627EE /* QuaKe.swift in Sources */ = {isa = PBXBuildFile; fileRef = B484BBCE2807110C007627EE /* QuaKe.swift */; };
		B484BBD228071329007627EE /* User+CoreDataClass.swift in Sources */ = {isa = PBXBuildFile; fileRef = B484BBD028071329007627EE /* User+CoreDataClass.swift */; };
		B484BBD328071329007627EE /* User+CoreDataProperties.swift in Sources */ = {isa = PBXBuildFile; fileRef = B484BBD128071329007627EE /* User+CoreDataProperties.swift */; };
/* End PBXBuildFile section */

/* Begin PBXFileReference section */
		B484BBB428070D48007627EE /* DemoCoreData.app */ = {isa = PBXFileReference; explicitFileType = wrapper.application; includeInIndex = 0; path = DemoCoreData.app; sourceTree = BUILT_PRODUCTS_DIR; };
		B484BBB728070D48007627EE /* AppDelegate.swift */ = {isa = PBXFileReference; lastKnownFileType = sourcecode.swift; path = AppDelegate.swift; sourceTree = "<group>"; };
		B484BBB928070D48007627EE /* SceneDelegate.swift */ = {isa = PBXFileReference; lastKnownFileType = sourcecode.swift; path = SceneDelegate.swift; sourceTree = "<group>"; };
		B484BBBB28070D48007627EE /* ViewController.swift */ = {isa = PBXFileReference; lastKnownFileType = sourcecode.swift; path = ViewController.swift; sourceTree = "<group>"; };
		B484BBBE28070D48007627EE /* Base */ = {isa = PBXFileReference; lastKnownFileType = file.storyboard; name = Base; path = Base.lproj/Main.storyboard; sourceTree = "<group>"; };
		B484BBC028070D4A007627EE /* Assets.xcassets */ = {isa = PBXFileReference; lastKnownFileType = folder.assetcatalog; path = Assets.xcassets; sourceTree = "<group>"; };
		B484BBC328070D4A007627EE /* Base */ = {isa = PBXFileReference; lastKnownFileType = file.storyboard; name = Base; path = Base.lproj/LaunchScreen.storyboard; sourceTree = "<group>"; };
		B484BBC528070D4A007627EE /* Info.plist */ = {isa = PBXFileReference; lastKnownFileType = text.plist.xml; path = Info.plist; sourceTree = "<group>"; };
		B484BBCC28070E65007627EE /* Model.xcdatamodel */ = {isa = PBXFileReference; lastKnownFileType = wrapper.xcdatamodel; path = Model.xcdatamodel; sourceTree = "<group>"; };
		B484BBCE2807110C007627EE /* QuaKe.swift */ = {isa = PBXFileReference; lastKnownFileType = sourcecode.swift; path = QuaKe.swift; sourceTree = "<group>"; };
		B484BBD028071329007627EE /* User+CoreDataClass.swift */ = {isa = PBXFileReference; lastKnownFileType = sourcecode.swift; path = "User+CoreDataClass.swift"; sourceTree = "<group>"; };
		B484BBD128071329007627EE /* User+CoreDataProperties.swift */ = {isa = PBXFileReference; lastKnownFileType = sourcecode.swift; path = "User+CoreDataProperties.swift"; sourceTree = "<group>"; };
/* End PBXFileReference section */

/* Begin PBXFrameworksBuildPhase section */
		B484BBB128070D48007627EE /* Frameworks */ = {
			isa = PBXFrameworksBuildPhase;
			buildActionMask = 2147483647;
			files = (
			);
			runOnlyForDeploymentPostprocessing = 0;
		};
/* End PBXFrameworksBuildPhase section */

/* Begin PBXGroup section */
		B484BBAB28070D48007627EE = {
			isa = PBXGroup;
			children = (
				B484BBD028071329007627EE /* User+CoreDataClass.swift */,
				B484BBD128071329007627EE /* User+CoreDataProperties.swift */,
				B484BBB628070D48007627EE /* DemoCoreData */,
				B484BBB528070D48007627EE /* Products */,
			);
			sourceTree = "<group>";
		};
		B484BBB528070D48007627EE /* Products */ = {
			isa = PBXGroup;
			children = (
				B484BBB428070D48007627EE /* DemoCoreData.app */,
			);
			name = Products;
			sourceTree = "<group>";
		};
		B484BBB628070D48007627EE /* DemoCoreData */ = {
			isa = PBXGroup;
			children = (
				B484BBB728070D48007627EE /* AppDelegate.swift */,
				B484BBCB28070E65007627EE /* Model.xcdatamodeld */,
				B484BBB928070D48007627EE /* SceneDelegate.swift */,
				B484BBBB28070D48007627EE /* ViewController.swift */,
				B484BBBD28070D48007627EE /* Main.storyboard */,
				B484BBC028070D4A007627EE /* Assets.xcassets */,
				B484BBC228070D4A007627EE /* LaunchScreen.storyboard */,
				B484BBC528070D4A007627EE /* Info.plist */,
				B484BBCE2807110C007627EE /* QuaKe.swift */,
			);
			path = DemoCoreData;
			sourceTree = "<group>";
		};
/* End PBXGroup section */

/* Begin PBXNativeTarget section */
		B484BBB328070D48007627EE /* DemoCoreData */ = {
			isa = PBXNativeTarget;
			buildConfigurationList = B484BBC828070D4A007627EE /* Build configuration list for PBXNativeTarget "DemoCoreData" */;
			buildPhases = (
				B484BBB028070D48007627EE /* Sources */,
				B484BBB128070D48007627EE /* Frameworks */,
				B484BBB228070D48007627EE /* Resources */,
			);
			buildRules = (
			);
			dependencies = (
			);
			name = DemoCoreData;
			productName = DemoCoreData;
			productReference = B484BBB428070D48007627EE /* DemoCoreData.app */;
			productType = "com.apple.product-type.application";
		};
/* End PBXNativeTarget section */

/* Begin PBXProject section */
		B484BBAC28070D48007627EE /* Project object */ = {
			isa = PBXProject;
			attributes = {
				LastSwiftUpdateCheck = 1250;
				LastUpgradeCheck = 1250;
				TargetAttributes = {
					B484BBB328070D48007627EE = {
						CreatedOnToolsVersion = 12.5.1;
					};
				};
			};
			buildConfigurationList = B484BBAF28070D48007627EE /* Build configuration list for PBXProject "DemoCoreData" */;
			compatibilityVersion = "Xcode 9.3";
			developmentRegion = en;
			hasScannedForEncodings = 0;
			knownRegions = (
				en,
				Base,
			);
			mainGroup = B484BBAB28070D48007627EE;
			productRefGroup = B484BBB528070D48007627EE /* Products */;
			projectDirPath = "";
			projectRoot = "";
			targets = (
				B484BBB328070D48007627EE /* DemoCoreData */,
			);
		};
/* End PBXProject section */

/* Begin PBXResourcesBuildPhase section */
		B484BBB228070D48007627EE /* Resources */ = {
			isa = PBXResourcesBuildPhase;
			buildActionMask = 2147483647;
			files = (
				B484BBC428070D4A007627EE /* LaunchScreen.storyboard in Resources */,
				B484BBC128070D4A007627EE /* Assets.xcassets in Resources */,
				B484BBBF28070D48007627EE /* Main.storyboard in Resources */,
			);
			runOnlyForDeploymentPostprocessing = 0;
		};
/* End PBXResourcesBuildPhase section */

/* Begin PBXSourcesBuildPhase section */
		B484BBB028070D48007627EE /* Sources */ = {
			isa = PBXSourcesBuildPhase;
			buildActionMask = 2147483647;
			files = (
				B484BBBC28070D48007627EE /* ViewController.swift in Sources */,
				B484BBCF2807110C007627EE /* QuaKe.swift in Sources */,
				B484BBD228071329007627EE /* User+CoreDataClass.swift in Sources */,
				B484BBD328071329007627EE /* User+CoreDataProperties.swift in Sources */,
				B484BBB828070D48007627EE /* AppDelegate.swift in Sources */,
				B484BBBA28070D48007627EE /* SceneDelegate.swift in Sources */,
				B484BBCD28070E65007627EE /* Model.xcdatamodeld in Sources */,
			);
			runOnlyForDeploymentPostprocessing = 0;
		};
/* End PBXSourcesBuildPhase section */

/* Begin PBXVariantGroup section */
		B484BBBD28070D48007627EE /* Main.storyboard */ = {
			isa = PBXVariantGroup;
			children = (
				B484BBBE28070D48007627EE /* Base */,
			);
			name = Main.storyboard;
			sourceTree = "<group>";
		};
		B484BBC228070D4A007627EE /* LaunchScreen.storyboard */ = {
			isa = PBXVariantGroup;
			children = (
				B484BBC328070D4A007627EE /* Base */,
			);
			name = LaunchScreen.storyboard;
			sourceTree = "<group>";
		};
/* End PBXVariantGroup section */

/* Begin XCBuildConfiguration section */
		B484BBC628070D4A007627EE /* Debug */ = {
			isa = XCBuildConfiguration;
			buildSettings = {
				ALWAYS_SEARCH_USER_PATHS = NO;
				CLANG_ANALYZER_NONNULL = YES;
				CLANG_ANALYZER_NUMBER_OBJECT_CONVERSION = YES_AGGRESSIVE;
				CLANG_CXX_LANGUAGE_STANDARD = "gnu++14";
				CLANG_CXX_LIBRARY = "libc++";
				CLANG_ENABLE_MODULES = YES;
				CLANG_ENABLE_OBJC_ARC = YES;
				CLANG_ENABLE_OBJC_WEAK = YES;
				CLANG_WARN_BLOCK_CAPTURE_AUTORELEASING = YES;
				CLANG_WARN_BOOL_CONVERSION = YES;
				CLANG_WARN_COMMA = YES;
				CLANG_WARN_CONSTANT_CONVERSION = YES;
				CLANG_WARN_DEPRECATED_OBJC_IMPLEMENTATIONS = YES;
				CLANG_WARN_DIRECT_OBJC_ISA_USAGE = YES_ERROR;
				CLANG_WARN_DOCUMENTATION_COMMENTS = YES;
				CLANG_WARN_EMPTY_BODY = YES;
				CLANG_WARN_ENUM_CONVERSION = YES;
				CLANG_WARN_INFINITE_RECURSION = YES;
				CLANG_WARN_INT_CONVERSION = YES;
				CLANG_WARN_NON_LITERAL_NULL_CONVERSION = YES;
				CLANG_WARN_OBJC_IMPLICIT_RETAIN_SELF = YES;
				CLANG_WARN_OBJC_LITERAL_CONVERSION = YES;
				CLANG_WARN_OBJC_ROOT_CLASS = YES_ERROR;
				CLANG_WARN_QUOTED_INCLUDE_IN_FRAMEWORK_HEADER = YES;
				CLANG_WARN_RANGE_LOOP_ANALYSIS = YES;
				CLANG_WARN_STRICT_PROTOTYPES = YES;
				CLANG_WARN_SUSPICIOUS_MOVE = YES;
				CLANG_WARN_UNGUARDED_AVAILABILITY = YES_AGGRESSIVE;
				CLANG_WARN_UNREACHABLE_CODE = YES;
				CLANG_WARN__DUPLICATE_METHOD_MATCH = YES;
				COPY_PHASE_STRIP = NO;
				DEBUG_INFORMATION_FORMAT = dwarf;
				ENABLE_STRICT_OBJC_MSGSEND = YES;
				ENABLE_TESTABILITY = YES;
				GCC_C_LANGUAGE_STANDARD = gnu11;
				GCC_DYNAMIC_NO_PIC = NO;
				GCC_NO_COMMON_BLOCKS = YES;
				GCC_OPTIMIZATION_LEVEL = 0;
				GCC_PREPROCESSOR_DEFINITIONS = (
					"DEBUG=1",
					"$(inherited)",
				);
				GCC_WARN_64_TO_32_BIT_CONVERSION = YES;
				GCC_WARN_ABOUT_RETURN_TYPE = YES_ERROR;
				GCC_WARN_UNDECLARED_SELECTOR = YES;
				GCC_WARN_UNINITIALIZED_AUTOS = YES_AGGRESSIVE;
				GCC_WARN_UNUSED_FUNCTION = YES;
				GCC_WARN_UNUSED_VARIABLE = YES;
				IPHONEOS_DEPLOYMENT_TARGET = 14.5;
				MTL_ENABLE_DEBUG_INFO = INCLUDE_SOURCE;
				MTL_FAST_MATH = YES;
				ONLY_ACTIVE_ARCH = YES;
				SDKROOT = iphoneos;
				SWIFT_ACTIVE_COMPILATION_CONDITIONS = DEBUG;
				SWIFT_OPTIMIZATION_LEVEL = "-Onone";
			};
			name = Debug;
		};
		B484BBC728070D4A007627EE /* Release */ = {
			isa = XCBuildConfiguration;
			buildSettings = {
				ALWAYS_SEARCH_USER_PATHS = NO;
				CLANG_ANALYZER_NONNULL = YES;
				CLANG_ANALYZER_NUMBER_OBJECT_CONVERSION = YES_AGGRESSIVE;
				CLANG_CXX_LANGUAGE_STANDARD = "gnu++14";
				CLANG_CXX_LIBRARY = "libc++";
				CLANG_ENABLE_MODULES = YES;
				CLANG_ENABLE_OBJC_ARC = YES;
				CLANG_ENABLE_OBJC_WEAK = YES;
				CLANG_WARN_BLOCK_CAPTURE_AUTORELEASING = YES;
				CLANG_WARN_BOOL_CONVERSION = YES;
				CLANG_WARN_COMMA = YES;
				CLANG_WARN_CONSTANT_CONVERSION = YES;
				CLANG_WARN_DEPRECATED_OBJC_IMPLEMENTATIONS = YES;
				CLANG_WARN_DIRECT_OBJC_ISA_USAGE = YES_ERROR;
				CLANG_WARN_DOCUMENTATION_COMMENTS = YES;
				CLANG_WARN_EMPTY_BODY = YES;
				CLANG_WARN_ENUM_CONVERSION = YES;
				CLANG_WARN_INFINITE_RECURSION = YES;
				CLANG_WARN_INT_CONVERSION = YES;
				CLANG_WARN_NON_LITERAL_NULL_CONVERSION = YES;
				CLANG_WARN_OBJC_IMPLICIT_RETAIN_SELF = YES;
				CLANG_WARN_OBJC_LITERAL_CONVERSION = YES;
				CLANG_WARN_OBJC_ROOT_CLASS = YES_ERROR;
				CLANG_WARN_QUOTED_INCLUDE_IN_FRAMEWORK_HEADER = YES;
				CLANG_WARN_RANGE_LOOP_ANALYSIS = YES;
				CLANG_WARN_STRICT_PROTOTYPES = YES;
				CLANG_WARN_SUSPICIOUS_MOVE = YES;
				CLANG_WARN_UNGUARDED_AVAILABILITY = YES_AGGRESSIVE;
				CLANG_WARN_UNREACHABLE_CODE = YES;
				CLANG_WARN__DUPLICATE_METHOD_MATCH = YES;
				COPY_PHASE_STRIP = NO;
				DEBUG_INFORMATION_FORMAT = "dwarf-with-dsym";
				ENABLE_NS_ASSERTIONS = NO;
				ENABLE_STRICT_OBJC_MSGSEND = YES;
				GCC_C_LANGUAGE_STANDARD = gnu11;
				GCC_NO_COMMON_BLOCKS = YES;
				GCC_WARN_64_TO_32_BIT_CONVERSION = YES;
				GCC_WARN_ABOUT_RETURN_TYPE = YES_ERROR;
				GCC_WARN_UNDECLARED_SELECTOR = YES;
				GCC_WARN_UNINITIALIZED_AUTOS = YES_AGGRESSIVE;
				GCC_WARN_UNUSED_FUNCTION = YES;
				GCC_WARN_UNUSED_VARIABLE = YES;
				IPHONEOS_DEPLOYMENT_TARGET = 14.5;
				MTL_ENABLE_DEBUG_INFO = NO;
				MTL_FAST_MATH = YES;
				SDKROOT = iphoneos;
				SWIFT_COMPILATION_MODE = wholemodule;
				SWIFT_OPTIMIZATION_LEVEL = "-O";
				VALIDATE_PRODUCT = YES;
			};
			name = Release;
		};
		B484BBC928070D4A007627EE /* Debug */ = {
			isa = XCBuildConfiguration;
			buildSettings = {
				ASSETCATALOG_COMPILER_APPICON_NAME = AppIcon;
				ASSETCATALOG_COMPILER_GLOBAL_ACCENT_COLOR_NAME = AccentColor;
				CODE_SIGN_STYLE = Automatic;
				INFOPLIST_FILE = DemoCoreData/Info.plist;
				LD_RUNPATH_SEARCH_PATHS = (
					"$(inherited)",
					"@executable_path/Frameworks",
				);
				PRODUCT_BUNDLE_IDENTIFIER = com.chauducnguyen.DemoCoreData;
				PRODUCT_NAME = "$(TARGET_NAME)";
				SWIFT_VERSION = 5.0;
				TARGETED_DEVICE_FAMILY = "1,2";
			};
			name = Debug;
		};
		B484BBCA28070D4A007627EE /* Release */ = {
			isa = XCBuildConfiguration;
			buildSettings = {
				ASSETCATALOG_COMPILER_APPICON_NAME = AppIcon;
				ASSETCATALOG_COMPILER_GLOBAL_ACCENT_COLOR_NAME = AccentColor;
				CODE_SIGN_STYLE = Automatic;
				INFOPLIST_FILE = DemoCoreData/Info.plist;
				LD_RUNPATH_SEARCH_PATHS = (
					"$(inherited)",
					"@executable_path/Frameworks",
				);
				PRODUCT_BUNDLE_IDENTIFIER = com.chauducnguyen.DemoCoreData;
				PRODUCT_NAME = "$(TARGET_NAME)";
				SWIFT_VERSION = 5.0;
				TARGETED_DEVICE_FAMILY = "1,2";
			};
			name = Release;
		};
/* End XCBuildConfiguration section */

/* Begin XCConfigurationList section */
		B484BBAF28070D48007627EE /* Build configuration list for PBXProject "DemoCoreData" */ = {
			isa = XCConfigurationList;
			buildConfigurations = (
				B484BBC628070D4A007627EE /* Debug */,
				B484BBC728070D4A007627EE /* Release */,
			);
			defaultConfigurationIsVisible = 0;
			defaultConfigurationName = Release;
		};
		B484BBC828070D4A007627EE /* Build configuration list for PBXNativeTarget "DemoCoreData" */ = {
			isa = XCConfigurationList;
			buildConfigurations = (
				B484BBC928070D4A007627EE /* Debug */,
				B484BBCA28070D4A007627EE /* Release */,
			);
			defaultConfigurationIsVisible = 0;
			defaultConfigurationName = Release;
		};
/* End XCConfigurationList section */

/* Begin XCVersionGroup section */
		B484BBCB28070E65007627EE /* Model.xcdatamodeld */ = {
			isa = XCVersionGroup;
			children = (
				B484BBCC28070E65007627EE /* Model.xcdatamodel */,
			);
			currentVersion = B484BBCC28070E65007627EE /* Model.xcdatamodel */;
			path = Model.xcdatamodeld;
			sourceTree = "<group>";
			versionGroupType = wrapper.xcdatamodel;
		};
/* End XCVersionGroup section */
	};
	rootObject = B484BBAC28070D48007627EE /* Project object */;
}
