// !$*UTF8*$!
{
	archiveVersion = 1;
	classes = {
	};
	objectVersion = 50;
	objects = {

/* Begin PBXBuildFile section */
		B42869A82816CFFD003C9DA9 /* Item+CoreDataClass.swift in Sources */ = {isa = PBXBuildFile; fileRef = B42869A62816CFFD003C9DA9 /* Item+CoreDataClass.swift */; };
		B42869A92816CFFD003C9DA9 /* Item+CoreDataProperties.swift in Sources */ = {isa = PBXBuildFile; fileRef = B42869A72816CFFD003C9DA9 /* Item+CoreDataProperties.swift */; };
		B42869AC2816D696003C9DA9 /* ToDoListViewController.swift in Sources */ = {isa = PBXBuildFile; fileRef = B42869AB2816D696003C9DA9 /* ToDoListViewController.swift */; };
		B42869AF2816D6AD003C9DA9 /* CoreDataItem.xcdatamodeld in Sources */ = {isa = PBXBuildFile; fileRef = B42869AD2816D6AD003C9DA9 /* CoreDataItem.xcdatamodeld */; };
		B42869B82816D83D003C9DA9 /* ItemList.xcdatamodeld in Sources */ = {isa = PBXBuildFile; fileRef = B42869B62816D83D003C9DA9 /* ItemList.xcdatamodeld */; };
		B42869BB2816D86C003C9DA9 /* ToDoListItem+CoreDataClass.swift in Sources */ = {isa = PBXBuildFile; fileRef = B42869B92816D86C003C9DA9 /* ToDoListItem+CoreDataClass.swift */; };
		B42869BC2816D86C003C9DA9 /* ToDoListItem+CoreDataProperties.swift in Sources */ = {isa = PBXBuildFile; fileRef = B42869BA2816D86C003C9DA9 /* ToDoListItem+CoreDataProperties.swift */; };
		B4A3ED5828151A5A0035CDB0 /* DataCell.swift in Sources */ = {isa = PBXBuildFile; fileRef = B4A3ED5728151A5A0035CDB0 /* DataCell.swift */; };
		B4A3ED61281548E10035CDB0 /* MyCollectionCell.swift in Sources */ = {isa = PBXBuildFile; fileRef = B4A3ED5F281548E00035CDB0 /* MyCollectionCell.swift */; };
		B4A3ED62281548E10035CDB0 /* MyCollectionCell.xib in Resources */ = {isa = PBXBuildFile; fileRef = B4A3ED60281548E00035CDB0 /* MyCollectionCell.xib */; };
		B4A3ED8428155DFA0035CDB0 /* WebSiteViewController.swift in Sources */ = {isa = PBXBuildFile; fileRef = B4A3ED8328155DFA0035CDB0 /* WebSiteViewController.swift */; };
		B4A3ED88281562D80035CDB0 /* Contact.swift in Sources */ = {isa = PBXBuildFile; fileRef = B4A3ED87281562D80035CDB0 /* Contact.swift */; };
		B4A3ED8A281566790035CDB0 /* ContactViewController.swift in Sources */ = {isa = PBXBuildFile; fileRef = B4A3ED89281566790035CDB0 /* ContactViewController.swift */; };
		B4A3ED8C28158A080035CDB0 /* CameraViewController.swift in Sources */ = {isa = PBXBuildFile; fileRef = B4A3ED8B28158A080035CDB0 /* CameraViewController.swift */; };
		B4E4B18F280D94D70002BDF7 /* AppDelegate.swift in Sources */ = {isa = PBXBuildFile; fileRef = B4E4B18E280D94D70002BDF7 /* AppDelegate.swift */; };
		B4E4B191280D94D70002BDF7 /* SceneDelegate.swift in Sources */ = {isa = PBXBuildFile; fileRef = B4E4B190280D94D70002BDF7 /* SceneDelegate.swift */; };
		B4E4B193280D94D70002BDF7 /* LoginViewController.swift in Sources */ = {isa = PBXBuildFile; fileRef = B4E4B192280D94D70002BDF7 /* LoginViewController.swift */; };
		B4E4B196280D94D70002BDF7 /* Main.storyboard in Resources */ = {isa = PBXBuildFile; fileRef = B4E4B194280D94D70002BDF7 /* Main.storyboard */; };
		B4E4B198280D94DA0002BDF7 /* Assets.xcassets in Resources */ = {isa = PBXBuildFile; fileRef = B4E4B197280D94DA0002BDF7 /* Assets.xcassets */; };
		B4E4B19B280D94DA0002BDF7 /* LaunchScreen.storyboard in Resources */ = {isa = PBXBuildFile; fileRef = B4E4B199280D94DA0002BDF7 /* LaunchScreen.storyboard */; };
		B4E4B1A6280D98640002BDF7 /* User.swift in Sources */ = {isa = PBXBuildFile; fileRef = B4E4B1A5280D98640002BDF7 /* User.swift */; };
		B4E4B1AB280DA8F10002BDF7 /* RegisTerViewController.swift in Sources */ = {isa = PBXBuildFile; fileRef = B4E4B1AA280DA8F10002BDF7 /* RegisTerViewController.swift */; };
		B4E4B1AF280EA5F80002BDF7 /* ImageViewController.swift in Sources */ = {isa = PBXBuildFile; fileRef = B4E4B1AE280EA5F80002BDF7 /* ImageViewController.swift */; };
/* End PBXBuildFile section */

/* Begin PBXFileReference section */
		B42869A62816CFFD003C9DA9 /* Item+CoreDataClass.swift */ = {isa = PBXFileReference; lastKnownFileType = sourcecode.swift; path = "Item+CoreDataClass.swift"; sourceTree = "<group>"; };
		B42869A72816CFFD003C9DA9 /* Item+CoreDataProperties.swift */ = {isa = PBXFileReference; lastKnownFileType = sourcecode.swift; path = "Item+CoreDataProperties.swift"; sourceTree = "<group>"; };
		B42869AB2816D696003C9DA9 /* ToDoListViewController.swift */ = {isa = PBXFileReference; lastKnownFileType = sourcecode.swift; path = ToDoListViewController.swift; sourceTree = "<group>"; };
		B42869AE2816D6AD003C9DA9 /* CoreDataItem.xcdatamodel */ = {isa = PBXFileReference; lastKnownFileType = wrapper.xcdatamodel; path = CoreDataItem.xcdatamodel; sourceTree = "<group>"; };
		B42869B72816D83D003C9DA9 /* ItemList.xcdatamodel */ = {isa = PBXFileReference; lastKnownFileType = wrapper.xcdatamodel; path = ItemList.xcdatamodel; sourceTree = "<group>"; };
		B42869B92816D86C003C9DA9 /* ToDoListItem+CoreDataClass.swift */ = {isa = PBXFileReference; lastKnownFileType = sourcecode.swift; path = "ToDoListItem+CoreDataClass.swift"; sourceTree = "<group>"; };
		B42869BA2816D86C003C9DA9 /* ToDoListItem+CoreDataProperties.swift */ = {isa = PBXFileReference; lastKnownFileType = sourcecode.swift; path = "ToDoListItem+CoreDataProperties.swift"; sourceTree = "<group>"; };
		B4A3ED5728151A5A0035CDB0 /* DataCell.swift */ = {isa = PBXFileReference; lastKnownFileType = sourcecode.swift; path = DataCell.swift; sourceTree = "<group>"; };
		B4A3ED5F281548E00035CDB0 /* MyCollectionCell.swift */ = {isa = PBXFileReference; lastKnownFileType = sourcecode.swift; path = MyCollectionCell.swift; sourceTree = "<group>"; };
		B4A3ED60281548E00035CDB0 /* MyCollectionCell.xib */ = {isa = PBXFileReference; lastKnownFileType = file.xib; path = MyCollectionCell.xib; sourceTree = "<group>"; };
		B4A3ED8328155DFA0035CDB0 /* WebSiteViewController.swift */ = {isa = PBXFileReference; lastKnownFileType = sourcecode.swift; path = WebSiteViewController.swift; sourceTree = "<group>"; };
		B4A3ED87281562D80035CDB0 /* Contact.swift */ = {isa = PBXFileReference; lastKnownFileType = sourcecode.swift; path = Contact.swift; sourceTree = "<group>"; };
		B4A3ED89281566790035CDB0 /* ContactViewController.swift */ = {isa = PBXFileReference; lastKnownFileType = sourcecode.swift; path = ContactViewController.swift; sourceTree = "<group>"; };
		B4A3ED8B28158A080035CDB0 /* CameraViewController.swift */ = {isa = PBXFileReference; lastKnownFileType = sourcecode.swift; path = CameraViewController.swift; sourceTree = "<group>"; };
		B4E4B18B280D94D70002BDF7 /* DemoApp.app */ = {isa = PBXFileReference; explicitFileType = wrapper.application; includeInIndex = 0; path = DemoApp.app; sourceTree = BUILT_PRODUCTS_DIR; };
		B4E4B18E280D94D70002BDF7 /* AppDelegate.swift */ = {isa = PBXFileReference; lastKnownFileType = sourcecode.swift; path = AppDelegate.swift; sourceTree = "<group>"; };
		B4E4B190280D94D70002BDF7 /* SceneDelegate.swift */ = {isa = PBXFileReference; lastKnownFileType = sourcecode.swift; path = SceneDelegate.swift; sourceTree = "<group>"; };
		B4E4B192280D94D70002BDF7 /* LoginViewController.swift */ = {isa = PBXFileReference; lastKnownFileType = sourcecode.swift; path = LoginViewController.swift; sourceTree = "<group>"; };
		B4E4B195280D94D70002BDF7 /* Base */ = {isa = PBXFileReference; lastKnownFileType = file.storyboard; name = Base; path = Base.lproj/Main.storyboard; sourceTree = "<group>"; };
		B4E4B197280D94DA0002BDF7 /* Assets.xcassets */ = {isa = PBXFileReference; lastKnownFileType = folder.assetcatalog; path = Assets.xcassets; sourceTree = "<group>"; };
		B4E4B19A280D94DA0002BDF7 /* Base */ = {isa = PBXFileReference; lastKnownFileType = file.storyboard; name = Base; path = Base.lproj/LaunchScreen.storyboard; sourceTree = "<group>"; };
		B4E4B19C280D94DA0002BDF7 /* Info.plist */ = {isa = PBXFileReference; lastKnownFileType = text.plist.xml; path = Info.plist; sourceTree = "<group>"; };
		B4E4B1A5280D98640002BDF7 /* User.swift */ = {isa = PBXFileReference; lastKnownFileType = sourcecode.swift; path = User.swift; sourceTree = "<group>"; };
		B4E4B1AA280DA8F10002BDF7 /* RegisTerViewController.swift */ = {isa = PBXFileReference; lastKnownFileType = sourcecode.swift; path = RegisTerViewController.swift; sourceTree = "<group>"; };
		B4E4B1AE280EA5F80002BDF7 /* ImageViewController.swift */ = {isa = PBXFileReference; lastKnownFileType = sourcecode.swift; path = ImageViewController.swift; sourceTree = "<group>"; };
/* End PBXFileReference section */

/* Begin PBXFrameworksBuildPhase section */
		B4E4B188280D94D70002BDF7 /* Frameworks */ = {
			isa = PBXFrameworksBuildPhase;
			buildActionMask = 2147483647;
			files = (
			);
			runOnlyForDeploymentPostprocessing = 0;
		};
/* End PBXFrameworksBuildPhase section */

/* Begin PBXGroup section */
		B42869AA2816D00E003C9DA9 /* CoreData */ = {
			isa = PBXGroup;
			children = (
				B42869A62816CFFD003C9DA9 /* Item+CoreDataClass.swift */,
				B42869A72816CFFD003C9DA9 /* Item+CoreDataProperties.swift */,
			);
			path = CoreData;
			sourceTree = "<group>";
		};
		B4E4B182280D94D60002BDF7 = {
			isa = PBXGroup;
			children = (
				B42869B92816D86C003C9DA9 /* ToDoListItem+CoreDataClass.swift */,
				B42869BA2816D86C003C9DA9 /* ToDoListItem+CoreDataProperties.swift */,
				B4E4B18D280D94D70002BDF7 /* DemoApp */,
				B4E4B18C280D94D70002BDF7 /* Products */,
			);
			sourceTree = "<group>";
		};
		B4E4B18C280D94D70002BDF7 /* Products */ = {
			isa = PBXGroup;
			children = (
				B4E4B18B280D94D70002BDF7 /* DemoApp.app */,
			);
			name = Products;
			sourceTree = "<group>";
		};
		B4E4B18D280D94D70002BDF7 /* DemoApp */ = {
			isa = PBXGroup;
			children = (
				B42869AA2816D00E003C9DA9 /* CoreData */,
				B4E4B18E280D94D70002BDF7 /* AppDelegate.swift */,
				B4E4B190280D94D70002BDF7 /* SceneDelegate.swift */,
				B4E4B1A7280D98700002BDF7 /* Modeldata */,
				B4E4B1A4280D984D0002BDF7 /* Controllers */,
				B4E4B1A3280D98470002BDF7 /* Views */,
				B4E4B1A2280D983C0002BDF7 /* Support */,
				B4E4B19C280D94DA0002BDF7 /* Info.plist */,
			);
			path = DemoApp;
			sourceTree = "<group>";
		};
		B4E4B1A2280D983C0002BDF7 /* Support */ = {
			isa = PBXGroup;
			children = (
				B4E4B197280D94DA0002BDF7 /* Assets.xcassets */,
				B4E4B199280D94DA0002BDF7 /* LaunchScreen.storyboard */,
			);
			path = Support;
			sourceTree = "<group>";
		};
		B4E4B1A3280D98470002BDF7 /* Views */ = {
			isa = PBXGroup;
			children = (
				B4E4B194280D94D70002BDF7 /* Main.storyboard */,
			);
			path = Views;
			sourceTree = "<group>";
		};
		B4E4B1A4280D984D0002BDF7 /* Controllers */ = {
			isa = PBXGroup;
			children = (
				B4E4B192280D94D70002BDF7 /* LoginViewController.swift */,
				B4E4B1AA280DA8F10002BDF7 /* RegisTerViewController.swift */,
				B4E4B1AE280EA5F80002BDF7 /* ImageViewController.swift */,
				B4A3ED5F281548E00035CDB0 /* MyCollectionCell.swift */,
				B4A3ED60281548E00035CDB0 /* MyCollectionCell.xib */,
				B4A3ED8328155DFA0035CDB0 /* WebSiteViewController.swift */,
				B4A3ED89281566790035CDB0 /* ContactViewController.swift */,
				B4A3ED8B28158A080035CDB0 /* CameraViewController.swift */,
				B42869AB2816D696003C9DA9 /* ToDoListViewController.swift */,
			);
			path = Controllers;
			sourceTree = "<group>";
		};
		B4E4B1A7280D98700002BDF7 /* Modeldata */ = {
			isa = PBXGroup;
			children = (
				B4E4B1A5280D98640002BDF7 /* User.swift */,
				B4A3ED5728151A5A0035CDB0 /* DataCell.swift */,
				B4A3ED87281562D80035CDB0 /* Contact.swift */,
				B42869AD2816D6AD003C9DA9 /* CoreDataItem.xcdatamodeld */,
				B42869B62816D83D003C9DA9 /* ItemList.xcdatamodeld */,
			);
			path = Modeldata;
			sourceTree = "<group>";
		};
/* End PBXGroup section */

/* Begin PBXNativeTarget section */
		B4E4B18A280D94D70002BDF7 /* DemoApp */ = {
			isa = PBXNativeTarget;
			buildConfigurationList = B4E4B19F280D94DA0002BDF7 /* Build configuration list for PBXNativeTarget "DemoApp" */;
			buildPhases = (
				B4E4B187280D94D70002BDF7 /* Sources */,
				B4E4B188280D94D70002BDF7 /* Frameworks */,
				B4E4B189280D94D70002BDF7 /* Resources */,
			);
			buildRules = (
			);
			dependencies = (
			);
			name = DemoApp;
			productName = DemoApp;
			productReference = B4E4B18B280D94D70002BDF7 /* DemoApp.app */;
			productType = "com.apple.product-type.application";
		};
/* End PBXNativeTarget section */

/* Begin PBXProject section */
		B4E4B183280D94D60002BDF7 /* Project object */ = {
			isa = PBXProject;
			attributes = {
				LastSwiftUpdateCheck = 1250;
				LastUpgradeCheck = 1250;
				TargetAttributes = {
					B4E4B18A280D94D70002BDF7 = {
						CreatedOnToolsVersion = 12.5.1;
					};
				};
			};
			buildConfigurationList = B4E4B186280D94D60002BDF7 /* Build configuration list for PBXProject "DemoApp" */;
			compatibilityVersion = "Xcode 9.3";
			developmentRegion = en;
			hasScannedForEncodings = 0;
			knownRegions = (
				en,
				Base,
			);
			mainGroup = B4E4B182280D94D60002BDF7;
			productRefGroup = B4E4B18C280D94D70002BDF7 /* Products */;
			projectDirPath = "";
			projectRoot = "";
			targets = (
				B4E4B18A280D94D70002BDF7 /* DemoApp */,
			);
		};
/* End PBXProject section */

/* Begin PBXResourcesBuildPhase section */
		B4E4B189280D94D70002BDF7 /* Resources */ = {
			isa = PBXResourcesBuildPhase;
			buildActionMask = 2147483647;
			files = (
				B4E4B19B280D94DA0002BDF7 /* LaunchScreen.storyboard in Resources */,
				B4E4B198280D94DA0002BDF7 /* Assets.xcassets in Resources */,
				B4E4B196280D94D70002BDF7 /* Main.storyboard in Resources */,
				B4A3ED62281548E10035CDB0 /* MyCollectionCell.xib in Resources */,
			);
			runOnlyForDeploymentPostprocessing = 0;
		};
/* End PBXResourcesBuildPhase section */

/* Begin PBXSourcesBuildPhase section */
		B4E4B187280D94D70002BDF7 /* Sources */ = {
			isa = PBXSourcesBuildPhase;
			buildActionMask = 2147483647;
			files = (
				B4A3ED88281562D80035CDB0 /* Contact.swift in Sources */,
				B4E4B1A6280D98640002BDF7 /* User.swift in Sources */,
				B4E4B193280D94D70002BDF7 /* LoginViewController.swift in Sources */,
				B42869B82816D83D003C9DA9 /* ItemList.xcdatamodeld in Sources */,
				B4A3ED5828151A5A0035CDB0 /* DataCell.swift in Sources */,
				B4A3ED61281548E10035CDB0 /* MyCollectionCell.swift in Sources */,
				B42869A82816CFFD003C9DA9 /* Item+CoreDataClass.swift in Sources */,
				B4A3ED8C28158A080035CDB0 /* CameraViewController.swift in Sources */,
				B42869BB2816D86C003C9DA9 /* ToDoListItem+CoreDataClass.swift in Sources */,
				B42869AC2816D696003C9DA9 /* ToDoListViewController.swift in Sources */,
				B4E4B18F280D94D70002BDF7 /* AppDelegate.swift in Sources */,
				B42869A92816CFFD003C9DA9 /* Item+CoreDataProperties.swift in Sources */,
				B42869AF2816D6AD003C9DA9 /* CoreDataItem.xcdatamodeld in Sources */,
				B4A3ED8A281566790035CDB0 /* ContactViewController.swift in Sources */,
				B4E4B191280D94D70002BDF7 /* SceneDelegate.swift in Sources */,
				B4E4B1AF280EA5F80002BDF7 /* ImageViewController.swift in Sources */,
				B4E4B1AB280DA8F10002BDF7 /* RegisTerViewController.swift in Sources */,
				B4A3ED8428155DFA0035CDB0 /* WebSiteViewController.swift in Sources */,
				B42869BC2816D86C003C9DA9 /* ToDoListItem+CoreDataProperties.swift in Sources */,
			);
			runOnlyForDeploymentPostprocessing = 0;
		};
/* End PBXSourcesBuildPhase section */

/* Begin PBXVariantGroup section */
		B4E4B194280D94D70002BDF7 /* Main.storyboard */ = {
			isa = PBXVariantGroup;
			children = (
				B4E4B195280D94D70002BDF7 /* Base */,
			);
			name = Main.storyboard;
			sourceTree = "<group>";
		};
		B4E4B199280D94DA0002BDF7 /* LaunchScreen.storyboard */ = {
			isa = PBXVariantGroup;
			children = (
				B4E4B19A280D94DA0002BDF7 /* Base */,
			);
			name = LaunchScreen.storyboard;
			sourceTree = "<group>";
		};
/* End PBXVariantGroup section */

/* Begin XCBuildConfiguration section */
		B4E4B19D280D94DA0002BDF7 /* Debug */ = {
			isa = XCBuildConfiguration;
			buildSettings = {
				ALWAYS_SEARCH_USER_PATHS = NO;
				CLANG_ANALYZER_NONNULL = YES;
				CLANG_ANALYZER_NUMBER_OBJECT_CONVERSION = YES_AGGRESSIVE;
				CLANG_CXX_LANGUAGE_STANDARD = "gnu++14";
				CLANG_CXX_LIBRARY = "libc++";
				CLANG_ENABLE_MODULES = YES;
				CLANG_ENABLE_OBJC_ARC = YES;
				CLANG_ENABLE_OBJC_WEAK = YES;
				CLANG_WARN_BLOCK_CAPTURE_AUTORELEASING = YES;
				CLANG_WARN_BOOL_CONVERSION = YES;
				CLANG_WARN_COMMA = YES;
				CLANG_WARN_CONSTANT_CONVERSION = YES;
				CLANG_WARN_DEPRECATED_OBJC_IMPLEMENTATIONS = YES;
				CLANG_WARN_DIRECT_OBJC_ISA_USAGE = YES_ERROR;
				CLANG_WARN_DOCUMENTATION_COMMENTS = YES;
				CLANG_WARN_EMPTY_BODY = YES;
				CLANG_WARN_ENUM_CONVERSION = YES;
				CLANG_WARN_INFINITE_RECURSION = YES;
				CLANG_WARN_INT_CONVERSION = YES;
				CLANG_WARN_NON_LITERAL_NULL_CONVERSION = YES;
				CLANG_WARN_OBJC_IMPLICIT_RETAIN_SELF = YES;
				CLANG_WARN_OBJC_LITERAL_CONVERSION = YES;
				CLANG_WARN_OBJC_ROOT_CLASS = YES_ERROR;
				CLANG_WARN_QUOTED_INCLUDE_IN_FRAMEWORK_HEADER = YES;
				CLANG_WARN_RANGE_LOOP_ANALYSIS = YES;
				CLANG_WARN_STRICT_PROTOTYPES = YES;
				CLANG_WARN_SUSPICIOUS_MOVE = YES;
				CLANG_WARN_UNGUARDED_AVAILABILITY = YES_AGGRESSIVE;
				CLANG_WARN_UNREACHABLE_CODE = YES;
				CLANG_WARN__DUPLICATE_METHOD_MATCH = YES;
				COPY_PHASE_STRIP = NO;
				DEBUG_INFORMATION_FORMAT = dwarf;
				ENABLE_STRICT_OBJC_MSGSEND = YES;
				ENABLE_TESTABILITY = YES;
				GCC_C_LANGUAGE_STANDARD = gnu11;
				GCC_DYNAMIC_NO_PIC = NO;
				GCC_NO_COMMON_BLOCKS = YES;
				GCC_OPTIMIZATION_LEVEL = 0;
				GCC_PREPROCESSOR_DEFINITIONS = (
					"DEBUG=1",
					"$(inherited)",
				);
				GCC_WARN_64_TO_32_BIT_CONVERSION = YES;
				GCC_WARN_ABOUT_RETURN_TYPE = YES_ERROR;
				GCC_WARN_UNDECLARED_SELECTOR = YES;
				GCC_WARN_UNINITIALIZED_AUTOS = YES_AGGRESSIVE;
				GCC_WARN_UNUSED_FUNCTION = YES;
				GCC_WARN_UNUSED_VARIABLE = YES;
				IPHONEOS_DEPLOYMENT_TARGET = 14.5;
				MTL_ENABLE_DEBUG_INFO = INCLUDE_SOURCE;
				MTL_FAST_MATH = YES;
				ONLY_ACTIVE_ARCH = YES;
				SDKROOT = iphoneos;
				SWIFT_ACTIVE_COMPILATION_CONDITIONS = DEBUG;
				SWIFT_OPTIMIZATION_LEVEL = "-Onone";
			};
			name = Debug;
		};
		B4E4B19E280D94DA0002BDF7 /* Release */ = {
			isa = XCBuildConfiguration;
			buildSettings = {
				ALWAYS_SEARCH_USER_PATHS = NO;
				CLANG_ANALYZER_NONNULL = YES;
				CLANG_ANALYZER_NUMBER_OBJECT_CONVERSION = YES_AGGRESSIVE;
				CLANG_CXX_LANGUAGE_STANDARD = "gnu++14";
				CLANG_CXX_LIBRARY = "libc++";
				CLANG_ENABLE_MODULES = YES;
				CLANG_ENABLE_OBJC_ARC = YES;
				CLANG_ENABLE_OBJC_WEAK = YES;
				CLANG_WARN_BLOCK_CAPTURE_AUTORELEASING = YES;
				CLANG_WARN_BOOL_CONVERSION = YES;
				CLANG_WARN_COMMA = YES;
				CLANG_WARN_CONSTANT_CONVERSION = YES;
				CLANG_WARN_DEPRECATED_OBJC_IMPLEMENTATIONS = YES;
				CLANG_WARN_DIRECT_OBJC_ISA_USAGE = YES_ERROR;
				CLANG_WARN_DOCUMENTATION_COMMENTS = YES;
				CLANG_WARN_EMPTY_BODY = YES;
				CLANG_WARN_ENUM_CONVERSION = YES;
				CLANG_WARN_INFINITE_RECURSION = YES;
				CLANG_WARN_INT_CONVERSION = YES;
				CLANG_WARN_NON_LITERAL_NULL_CONVERSION = YES;
				CLANG_WARN_OBJC_IMPLICIT_RETAIN_SELF = YES;
				CLANG_WARN_OBJC_LITERAL_CONVERSION = YES;
				CLANG_WARN_OBJC_ROOT_CLASS = YES_ERROR;
				CLANG_WARN_QUOTED_INCLUDE_IN_FRAMEWORK_HEADER = YES;
				CLANG_WARN_RANGE_LOOP_ANALYSIS = YES;
				CLANG_WARN_STRICT_PROTOTYPES = YES;
				CLANG_WARN_SUSPICIOUS_MOVE = YES;
				CLANG_WARN_UNGUARDED_AVAILABILITY = YES_AGGRESSIVE;
				CLANG_WARN_UNREACHABLE_CODE = YES;
				CLANG_WARN__DUPLICATE_METHOD_MATCH = YES;
				COPY_PHASE_STRIP = NO;
				DEBUG_INFORMATION_FORMAT = "dwarf-with-dsym";
				ENABLE_NS_ASSERTIONS = NO;
				ENABLE_STRICT_OBJC_MSGSEND = YES;
				GCC_C_LANGUAGE_STANDARD = gnu11;
				GCC_NO_COMMON_BLOCKS = YES;
				GCC_WARN_64_TO_32_BIT_CONVERSION = YES;
				GCC_WARN_ABOUT_RETURN_TYPE = YES_ERROR;
				GCC_WARN_UNDECLARED_SELECTOR = YES;
				GCC_WARN_UNINITIALIZED_AUTOS = YES_AGGRESSIVE;
				GCC_WARN_UNUSED_FUNCTION = YES;
				GCC_WARN_UNUSED_VARIABLE = YES;
				IPHONEOS_DEPLOYMENT_TARGET = 14.5;
				MTL_ENABLE_DEBUG_INFO = NO;
				MTL_FAST_MATH = YES;
				SDKROOT = iphoneos;
				SWIFT_COMPILATION_MODE = wholemodule;
				SWIFT_OPTIMIZATION_LEVEL = "-O";
				VALIDATE_PRODUCT = YES;
			};
			name = Release;
		};
		B4E4B1A0280D94DA0002BDF7 /* Debug */ = {
			isa = XCBuildConfiguration;
			buildSettings = {
				ASSETCATALOG_COMPILER_APPICON_NAME = AppIcon;
				ASSETCATALOG_COMPILER_GLOBAL_ACCENT_COLOR_NAME = AccentColor;
				CODE_SIGN_STYLE = Automatic;
				INFOPLIST_FILE = DemoApp/Info.plist;
				LD_RUNPATH_SEARCH_PATHS = (
					"$(inherited)",
					"@executable_path/Frameworks",
				);
				PRODUCT_BUNDLE_IDENTIFIER = com.chauducnguyen.DemoApp;
				PRODUCT_NAME = "$(TARGET_NAME)";
				SWIFT_VERSION = 5.0;
				TARGETED_DEVICE_FAMILY = "1,2";
			};
			name = Debug;
		};
		B4E4B1A1280D94DA0002BDF7 /* Release */ = {
			isa = XCBuildConfiguration;
			buildSettings = {
				ASSETCATALOG_COMPILER_APPICON_NAME = AppIcon;
				ASSETCATALOG_COMPILER_GLOBAL_ACCENT_COLOR_NAME = AccentColor;
				CODE_SIGN_STYLE = Automatic;
				INFOPLIST_FILE = DemoApp/Info.plist;
				LD_RUNPATH_SEARCH_PATHS = (
					"$(inherited)",
					"@executable_path/Frameworks",
				);
				PRODUCT_BUNDLE_IDENTIFIER = com.chauducnguyen.DemoApp;
				PRODUCT_NAME = "$(TARGET_NAME)";
				SWIFT_VERSION = 5.0;
				TARGETED_DEVICE_FAMILY = "1,2";
			};
			name = Release;
		};
/* End XCBuildConfiguration section */

/* Begin XCConfigurationList section */
		B4E4B186280D94D60002BDF7 /* Build configuration list for PBXProject "DemoApp" */ = {
			isa = XCConfigurationList;
			buildConfigurations = (
				B4E4B19D280D94DA0002BDF7 /* Debug */,
				B4E4B19E280D94DA0002BDF7 /* Release */,
			);
			defaultConfigurationIsVisible = 0;
			defaultConfigurationName = Release;
		};
		B4E4B19F280D94DA0002BDF7 /* Build configuration list for PBXNativeTarget "DemoApp" */ = {
			isa = XCConfigurationList;
			buildConfigurations = (
				B4E4B1A0280D94DA0002BDF7 /* Debug */,
				B4E4B1A1280D94DA0002BDF7 /* Release */,
			);
			defaultConfigurationIsVisible = 0;
			defaultConfigurationName = Release;
		};
/* End XCConfigurationList section */

/* Begin XCVersionGroup section */
		B42869AD2816D6AD003C9DA9 /* CoreDataItem.xcdatamodeld */ = {
			isa = XCVersionGroup;
			children = (
				B42869AE2816D6AD003C9DA9 /* CoreDataItem.xcdatamodel */,
			);
			currentVersion = B42869AE2816D6AD003C9DA9 /* CoreDataItem.xcdatamodel */;
			path = CoreDataItem.xcdatamodeld;
			sourceTree = "<group>";
			versionGroupType = wrapper.xcdatamodel;
		};
		B42869B62816D83D003C9DA9 /* ItemList.xcdatamodeld */ = {
			isa = XCVersionGroup;
			children = (
				B42869B72816D83D003C9DA9 /* ItemList.xcdatamodel */,
			);
			currentVersion = B42869B72816D83D003C9DA9 /* ItemList.xcdatamodel */;
			path = ItemList.xcdatamodeld;
			sourceTree = "<group>";
			versionGroupType = wrapper.xcdatamodel;
		};
/* End XCVersionGroup section */
	};
	rootObject = B4E4B183280D94D60002BDF7 /* Project object */;
}
